
Microsoft Visual Studio Solution File, Format Version 12.00
# Visual Studio Version 16
VisualStudioVersion = 16.0.29926.136
MinimumVisualStudioVersion = 10.0.40219.1
Project("{FAE04EC0-301F-11D3-BF4B-00C04F79EFBC}") = "Calories", "Calories\Calories.csproj", "{42340140-EFA6-44D1-BEA0-1B69FCABD2CF}"
EndProject
Global
	GlobalSection(SolutionConfigurationPlatforms) = preSolution
		Debug|Any CPU = Debug|Any CPU
		Release|Any CPU = Release|Any CPU
	EndGlobalSection
	GlobalSection(ProjectConfigurationPlatforms) = postSolution
		{42340140-EFA6-44D1-BEA0-1B69FCABD2CF}.Debug|Any CPU.ActiveCfg = Debug|Any CPU
		{42340140-EFA6-44D1-BEA0-1B69FCABD2CF}.Debug|Any CPU.Build.0 = Debug|Any CPU
		{42340140-EFA6-44D1-BEA0-1B69FCABD2CF}.Release|Any CPU.ActiveCfg = Release|Any CPU
		{42340140-EFA6-44D1-BEA0-1B69FCABD2CF}.Release|Any CPU.Build.0 = Release|Any CPU
	EndGlobalSection
	GlobalSection(SolutionProperties) = preSolution
		HideSolutionNode = FALSE
	EndGlobalSection
	GlobalSection(ExtensibilityGlobals) = postSolution
		SolutionGuid = {604C66F3-1520-4392-8C61-4C9300FB4576}
	EndGlobalSection
EndGlobal
